Microsoft Visual Studio Solution File, Format Version 12.00
# Visual Studio Version 17
VisualStudioVersion = 17.5.2.0
MinimumVisualStudioVersion = 10.0.40219.1
Project("{FAE04EC0-301F-11D3-BF4B-00C04F79EFBC}") = "c-sharp-project-2", "c-sharp-project-2.csproj", "{1107176C-BC5D-A508-A52F-01BD0573BF02}"
EndProject
Global
	GlobalSection(SolutionConfigurationPlatforms) = preSolution
		Debug|Any CPU = Debug|Any CPU
		Release|Any CPU = Release|Any CPU
	EndGlobalSection
	GlobalSection(ProjectConfigurationPlatforms) = postSolution
		{1107176C-BC5D-A508-A52F-01BD0573BF02}.Debug|Any CPU.ActiveCfg = Debug|Any CPU
		{1107176C-BC5D-A508-A52F-01BD0573BF02}.Debug|Any CPU.Build.0 = Debug|Any CPU
		{1107176C-BC5D-A508-A52F-01BD0573BF02}.Release|Any CPU.ActiveCfg = Release|Any CPU
		{1107176C-BC5D-A508-A52F-01BD0573BF02}.Release|Any CPU.Build.0 = Release|Any CPU
	EndGlobalSection
	GlobalSection(SolutionProperties) = preSolution
		HideSolutionNode = FALSE
	EndGlobalSection
	GlobalSection(ExtensibilityGlobals) = postSolution
		SolutionGuid = {A9180BFB-3DDD-4F5F-B97F-44F706904959}
	EndGlobalSection
EndGlobal
